
Microsoft Visual Studio Solution File, Format Version 12.00
# Visual Studio Version 17
VisualStudioVersion = 17.0.31919.166
MinimumVisualStudioVersion = 10.0.40219.1
Project("{FAE04EC0-301F-11D3-BF4B-00C04F79EFBC}") = "PTC", "PTC\PTC.csproj", "{BFF44094-5766-44D0-9E66-A74B59941FAD}"
EndProject
Project("{FAE04EC0-301F-11D3-BF4B-00C04F79EFBC}") = "PTC.Data", "PTC.Data\PTC.Data.csproj", "{F0AC5409-CEAC-487B-97A0-419BF90B0308}"
EndProject
Global
	GlobalSection(SolutionConfigurationPlatforms) = preSolution
		Debug|Any CPU = Debug|Any CPU
		Release|Any CPU = Release|Any CPU
	EndGlobalSection
	GlobalSection(ProjectConfigurationPlatforms) = postSolution
		{BFF44094-5766-44D0-9E66-A74B59941FAD}.Debug|Any CPU.ActiveCfg = Debug|Any CPU
		{BFF44094-5766-44D0-9E66-A74B59941FAD}.Debug|Any CPU.Build.0 = Debug|Any CPU
		{BFF44094-5766-44D0-9E66-A74B59941FAD}.Release|Any CPU.ActiveCfg = Release|Any CPU
		{BFF44094-5766-44D0-9E66-A74B59941FAD}.Release|Any CPU.Build.0 = Release|Any CPU
		{F0AC5409-CEAC-487B-97A0-419BF90B0308}.Debug|Any CPU.ActiveCfg = Debug|Any CPU
		{F0AC5409-CEAC-487B-97A0-419BF90B0308}.Debug|Any CPU.Build.0 = Debug|Any CPU
		{F0AC5409-CEAC-487B-97A0-419BF90B0308}.Release|Any CPU.ActiveCfg = Release|Any CPU
		{F0AC5409-CEAC-487B-97A0-419BF90B0308}.Release|Any CPU.Build.0 = Release|Any CPU
	EndGlobalSection
	GlobalSection(SolutionProperties) = preSolution
		HideSolutionNode = FALSE
	EndGlobalSection
	GlobalSection(ExtensibilityGlobals) = postSolution
		SolutionGuid = {4CF5926D-59D4-4355-91F7-EC017B704707}
	EndGlobalSection
EndGlobal
